github.com/dgrijalva/jwt-go v3.2.0+incompatible h1:7qlOGliEKZXTDg6OTjfoBKDXWrumCAMpl/TFQ4/5kLM=
github.com/dgrijalva/jwt-go v3.2.0+incompatible/go.mod h1:E3ru+11k8xSBh+hMPgOLZmtrrCbhqsmaPHjLKYnJCaQ=
github.com/go-http-utils/logger v0.0.0-20161128092850-f3a42dcdeae6 h1:R/ypabUA7vskKTRSlgP6rMUHTU6PBRgIcHVSU9qQ6qM=
github.com/go-http-utils/logger v0.0.0-20161128092850-f3a42dcdeae6/go.mod h1:CpBLxS3WrxouNECP/Y1A3i6qDnUYs8BvcXjgOW4Vqcw=
github.com/golang-jwt/jwt/v4 v4.5.0 h1:7cYmW1XlMY7h7ii7UhUyChSgS5wUJEnm9uZVTGqOWzg=
github.com/golang-jwt/jwt/v4 v4.5.0/go.mod h1:m21LjoU+eqJr34lmDMbreY2eSTRJ1cv77w39/MY0Ch0=
